// !$*UTF8*$!
{
	archiveVersion = 1;
	classes = {
	};
	objectVersion = 46;
	objects = {

/* Begin PBXBuildFile section */
		6935D0F014389966009DA63F /* ExampleBean.m in Sources */ = {isa = PBXBuildFile; fileRef = 6935D0ED14389966009DA63F /* ExampleBean.m */; };
		6935D0F114389966009DA63F /* Client.m in Sources */ = {isa = PBXBuildFile; fileRef = 6935D0EF14389966009DA63F /* Client.m */; };
		69BA968D14389904002246C8 /* Foundation.framework in Frameworks */ = {isa = PBXBuildFile; fileRef = 69BA968C14389904002246C8 /* Foundation.framework */; };
		69BA969014389904002246C8 /* main.m in Sources */ = {isa = PBXBuildFile; fileRef = 69BA968F14389904002246C8 /* main.m */; };
		69BA969414389904002246C8 /* property.1 in CopyFiles */ = {isa = PBXBuildFile; fileRef = 69BA969314389904002246C8 /* property.1 */; };
/* End PBXBuildFile section */

/* Begin PBXCopyFilesBuildPhase section */
		69BA968614389904002246C8 /* CopyFiles */ = {
			isa = PBXCopyFilesBuildPhase;
			buildActionMask = 2147483647;
			dstPath = /usr/share/man/man1/;
			dstSubfolderSpec = 0;
			files = (
				69BA969414389904002246C8 /* property.1 in CopyFiles */,
			);
			runOnlyForDeploymentPostprocessing = 1;
		};
/* End PBXCopyFilesBuildPhase section */

/* Begin PBXFileReference section */
		6935D0EC14389966009DA63F /* ExampleBean.h */ = {isa = PBXFileReference; fileEncoding = 4; lastKnownFileType = sourcecode.c.h; path = ExampleBean.h; sourceTree = "<group>"; };
		6935D0ED14389966009DA63F /* ExampleBean.m */ = {isa = PBXFileReference; fileEncoding = 4; lastKnownFileType = sourcecode.c.objc; path = ExampleBean.m; sourceTree = "<group>"; };
		6935D0EE14389966009DA63F /* Client.h */ = {isa = PBXFileReference; fileEncoding = 4; lastKnownFileType = sourcecode.c.h; path = Client.h; sourceTree = "<group>"; };
		6935D0EF14389966009DA63F /* Client.m */ = {isa = PBXFileReference; fileEncoding = 4; lastKnownFileType = sourcecode.c.objc; path = Client.m; sourceTree = "<group>"; };
		69BA968814389904002246C8 /* property */ = {isa = PBXFileReference; explicitFileType = "compiled.mach-o.executable"; includeInIndex = 0; path = property; sourceTree = BUILT_PRODUCTS_DIR; };
		69BA968C14389904002246C8 /* Foundation.framework */ = {isa = PBXFileReference; lastKnownFileType = wrapper.framework; name = Foundation.framework; path = System/Library/Frameworks/Foundation.framework; sourceTree = SDKROOT; };
		69BA968F14389904002246C8 /* main.m */ = {isa = PBXFileReference; lastKnownFileType = sourcecode.c.objc; path = main.m; sourceTree = "<group>"; };
		69BA969214389904002246C8 /* property-Prefix.pch */ = {isa = PBXFileReference; lastKnownFileType = sourcecode.c.h; path = "property-Prefix.pch"; sourceTree = "<group>"; };
		69BA969314389904002246C8 /* property.1 */ = {isa = PBXFileReference; lastKnownFileType = text.man; path = property.1; sourceTree = "<group>"; };
/* End PBXFileReference section */

/* Begin PBXFrameworksBuildPhase section */
		69BA968514389904002246C8 /* Frameworks */ = {
			isa = PBXFrameworksBuildPhase;
			buildActionMask = 2147483647;
			files = (
				69BA968D14389904002246C8 /* Foundation.framework in Frameworks */,
			);
			runOnlyForDeploymentPostprocessing = 0;
		};
/* End PBXFrameworksBuildPhase section */

/* Begin PBXGroup section */
		69BA967D14389904002246C8 = {
			isa = PBXGroup;
			children = (
				6935D0EC14389966009DA63F /* ExampleBean.h */,
				6935D0ED14389966009DA63F /* ExampleBean.m */,
				6935D0EE14389966009DA63F /* Client.h */,
				6935D0EF14389966009DA63F /* Client.m */,
				69BA968E14389904002246C8 /* property */,
				69BA968B14389904002246C8 /* Frameworks */,
				69BA968914389904002246C8 /* Products */,
			);
			sourceTree = "<group>";
		};
		69BA968914389904002246C8 /* Products */ = {
			isa = PBXGroup;
			children = (
				69BA968814389904002246C8 /* property */,
			);
			name = Products;
			sourceTree = "<group>";
		};
		69BA968B14389904002246C8 /* Frameworks */ = {
			isa = PBXGroup;
			children = (
				69BA968C14389904002246C8 /* Foundation.framework */,
			);
			name = Frameworks;
			sourceTree = "<group>";
		};
		69BA968E14389904002246C8 /* property */ = {
			isa = PBXGroup;
			children = (
				69BA968F14389904002246C8 /* main.m */,
				69BA969314389904002246C8 /* property.1 */,
				69BA969114389904002246C8 /* Supporting Files */,
			);
			path = property;
			sourceTree = "<group>";
		};
		69BA969114389904002246C8 /* Supporting Files */ = {
			isa = PBXGroup;
			children = (
				69BA969214389904002246C8 /* property-Prefix.pch */,
			);
			name = "Supporting Files";
			sourceTree = "<group>";
		};
/* End PBXGroup section */

/* Begin PBXNativeTarget section */
		69BA968714389904002246C8 /* property */ = {
			isa = PBXNativeTarget;
			buildConfigurationList = 69BA969714389904002246C8 /* Build configuration list for PBXNativeTarget "property" */;
			buildPhases = (
				69BA968414389904002246C8 /* Sources */,
				69BA968514389904002246C8 /* Frameworks */,
				69BA968614389904002246C8 /* CopyFiles */,
			);
			buildRules = (
			);
			dependencies = (
			);
			name = property;
			productName = property;
			productReference = 69BA968814389904002246C8 /* property */;
			productType = "com.apple.product-type.tool";
		};
/* End PBXNativeTarget section */

/* Begin PBXProject section */
		69BA967F14389904002246C8 /* Project object */ = {
			isa = PBXProject;
			attributes = {
				ORGANIZATIONNAME = Private;
			};
			buildConfigurationList = 69BA968214389904002246C8 /* Build configuration list for PBXProject "property" */;
			compatibilityVersion = "Xcode 3.2";
			developmentRegion = English;
			hasScannedForEncodings = 0;
			knownRegions = (
				en,
			);
			mainGroup = 69BA967D14389904002246C8;
			productRefGroup = 69BA968914389904002246C8 /* Products */;
			projectDirPath = "";
			projectRoot = "";
			targets = (
				69BA968714389904002246C8 /* property */,
			);
		};
/* End PBXProject section */

/* Begin PBXSourcesBuildPhase section */
		69BA968414389904002246C8 /* Sources */ = {
			isa = PBXSourcesBuildPhase;
			buildActionMask = 2147483647;
			files = (
				69BA969014389904002246C8 /* main.m in Sources */,
				6935D0F014389966009DA63F /* ExampleBean.m in Sources */,
				6935D0F114389966009DA63F /* Client.m in Sources */,
			);
			runOnlyForDeploymentPostprocessing = 0;
		};
/* End PBXSourcesBuildPhase section */

/* Begin XCBuildConfiguration section */
		69BA969514389904002246C8 /* Debug */ = {
			isa = XCBuildConfiguration;
			buildSettings = {
				ALWAYS_SEARCH_USER_PATHS = NO;
				ARCHS = "$(ARCHS_STANDARD_64_BIT)";
				COPY_PHASE_STRIP = NO;
				GCC_C_LANGUAGE_STANDARD = gnu99;
				GCC_DYNAMIC_NO_PIC = NO;
				GCC_ENABLE_OBJC_EXCEPTIONS = YES;
				GCC_OPTIMIZATION_LEVEL = 0;
				GCC_PREPROCESSOR_DEFINITIONS = (
					"DEBUG=1",
					"$(inherited)",
				);
				GCC_SYMBOLS_PRIVATE_EXTERN = NO;
				GCC_VERSION = com.apple.compilers.llvm.clang.1_0;
				GCC_WARN_64_TO_32_BIT_CONVERSION = YES;
				GCC_WARN_ABOUT_MISSING_PROTOTYPES = YES;
				GCC_WARN_ABOUT_RETURN_TYPE = YES;
				GCC_WARN_UNUSED_VARIABLE = YES;
				MACOSX_DEPLOYMENT_TARGET = 10.7;
				ONLY_ACTIVE_ARCH = YES;
				SDKROOT = macosx;
			};
			name = Debug;
		};
		69BA969614389904002246C8 /* Release */ = {
			isa = XCBuildConfiguration;
			buildSettings = {
				ALWAYS_SEARCH_USER_PATHS = NO;
				ARCHS = "$(ARCHS_STANDARD_64_BIT)";
				COPY_PHASE_STRIP = YES;
				DEBUG_INFORMATION_FORMAT = "dwarf-with-dsym";
				GCC_C_LANGUAGE_STANDARD = gnu99;
				GCC_ENABLE_OBJC_EXCEPTIONS = YES;
				GCC_VERSION = com.apple.compilers.llvm.clang.1_0;
				GCC_WARN_64_TO_32_BIT_CONVERSION = YES;
				GCC_WARN_ABOUT_MISSING_PROTOTYPES = YES;
				GCC_WARN_ABOUT_RETURN_TYPE = YES;
				GCC_WARN_UNUSED_VARIABLE = YES;
				MACOSX_DEPLOYMENT_TARGET = 10.7;
				SDKROOT = macosx;
			};
			name = Release;
		};
		69BA969814389904002246C8 /* Debug */ = {
			isa = XCBuildConfiguration;
			buildSettings = {
				GCC_PRECOMPILE_PREFIX_HEADER = YES;
				GCC_PREFIX_HEADER = "property/property-Prefix.pch";
				PRODUCT_NAME = "$(TARGET_NAME)";
			};
			name = Debug;
		};
		69BA969914389904002246C8 /* Release */ = {
			isa = XCBuildConfiguration;
			buildSettings = {
				GCC_PRECOMPILE_PREFIX_HEADER = YES;
				GCC_PREFIX_HEADER = "property/property-Prefix.pch";
				PRODUCT_NAME = "$(TARGET_NAME)";
			};
			name = Release;
		};
/* End XCBuildConfiguration section */

/* Begin XCConfigurationList section */
		69BA968214389904002246C8 /* Build configuration list for PBXProject "property" */ = {
			isa = XCConfigurationList;
			buildConfigurations = (
				69BA969514389904002246C8 /* Debug */,
				69BA969614389904002246C8 /* Release */,
			);
			defaultConfigurationIsVisible = 0;
			defaultConfigurationName = Release;
		};
		69BA969714389904002246C8 /* Build configuration list for PBXNativeTarget "property" */ = {
			isa = XCConfigurationList;
			buildConfigurations = (
				69BA969814389904002246C8 /* Debug */,
				69BA969914389904002246C8 /* Release */,
			);
			defaultConfigurationIsVisible = 0;
			defaultConfigurationName = Release;
		};
/* End XCConfigurationList section */
	};
	rootObject = 69BA967F14389904002246C8 /* Project object */;
}
