// !$*UTF8*$!
{
	archiveVersion = 1;
	classes = {
	};
	objectVersion = 46;
	objects = {

/* Begin PBXBuildFile section */
		695BD7EF143880A90034112B /* Foundation.framework in Frameworks */ = {isa = PBXBuildFile; fileRef = 695BD7EE143880A90034112B /* Foundation.framework */; };
		695BD7F2143880A90034112B /* main.m in Sources */ = {isa = PBXBuildFile; fileRef = 695BD7F1143880A90034112B /* main.m */; };
		695BD7F6143880A90034112B /* protocol.1 in CopyFiles */ = {isa = PBXBuildFile; fileRef = 695BD7F5143880A90034112B /* protocol.1 */; };
		695BD803143880F80034112B /* RealArray.m in Sources */ = {isa = PBXBuildFile; fileRef = 695BD7FD143880F80034112B /* RealArray.m */; };
		695BD804143880F80034112B /* RealString.m in Sources */ = {isa = PBXBuildFile; fileRef = 695BD800143880F80034112B /* RealString.m */; };
		695BD805143880F80034112B /* TestProtocol.m in Sources */ = {isa = PBXBuildFile; fileRef = 695BD802143880F80034112B /* TestProtocol.m */; };
/* End PBXBuildFile section */

/* Begin PBXCopyFilesBuildPhase section */
		695BD7E8143880A90034112B /* CopyFiles */ = {
			isa = PBXCopyFilesBuildPhase;
			buildActionMask = 2147483647;
			dstPath = /usr/share/man/man1/;
			dstSubfolderSpec = 0;
			files = (
				695BD7F6143880A90034112B /* protocol.1 in CopyFiles */,
			);
			runOnlyForDeploymentPostprocessing = 1;
		};
/* End PBXCopyFilesBuildPhase section */

/* Begin PBXFileReference section */
		695BD7EA143880A90034112B /* protocol */ = {isa = PBXFileReference; explicitFileType = "compiled.mach-o.executable"; includeInIndex = 0; path = protocol; sourceTree = BUILT_PRODUCTS_DIR; };
		695BD7EE143880A90034112B /* Foundation.framework */ = {isa = PBXFileReference; lastKnownFileType = wrapper.framework; name = Foundation.framework; path = System/Library/Frameworks/Foundation.framework; sourceTree = SDKROOT; };
		695BD7F1143880A90034112B /* main.m */ = {isa = PBXFileReference; lastKnownFileType = sourcecode.c.objc; path = main.m; sourceTree = "<group>"; };
		695BD7F4143880A90034112B /* protocol-Prefix.pch */ = {isa = PBXFileReference; lastKnownFileType = sourcecode.c.h; path = "protocol-Prefix.pch"; sourceTree = "<group>"; };
		695BD7F5143880A90034112B /* protocol.1 */ = {isa = PBXFileReference; lastKnownFileType = text.man; path = protocol.1; sourceTree = "<group>"; };
		695BD7FC143880F80034112B /* RealArray.h */ = {isa = PBXFileReference; fileEncoding = 4; lastKnownFileType = sourcecode.c.h; path = RealArray.h; sourceTree = "<group>"; };
		695BD7FD143880F80034112B /* RealArray.m */ = {isa = PBXFileReference; fileEncoding = 4; lastKnownFileType = sourcecode.c.objc; path = RealArray.m; sourceTree = "<group>"; };
		695BD7FE143880F80034112B /* RealNumber.h */ = {isa = PBXFileReference; fileEncoding = 4; lastKnownFileType = sourcecode.c.h; path = RealNumber.h; sourceTree = "<group>"; };
		695BD7FF143880F80034112B /* RealString.h */ = {isa = PBXFileReference; fileEncoding = 4; lastKnownFileType = sourcecode.c.h; path = RealString.h; sourceTree = "<group>"; };
		695BD800143880F80034112B /* RealString.m */ = {isa = PBXFileReference; fileEncoding = 4; lastKnownFileType = sourcecode.c.objc; path = RealString.m; sourceTree = "<group>"; };
		695BD801143880F80034112B /* TestProtocol.h */ = {isa = PBXFileReference; fileEncoding = 4; lastKnownFileType = sourcecode.c.h; path = TestProtocol.h; sourceTree = "<group>"; };
		695BD802143880F80034112B /* TestProtocol.m */ = {isa = PBXFileReference; fileEncoding = 4; lastKnownFileType = sourcecode.c.objc; path = TestProtocol.m; sourceTree = "<group>"; };
/* End PBXFileReference section */

/* Begin PBXFrameworksBuildPhase section */
		695BD7E7143880A90034112B /* Frameworks */ = {
			isa = PBXFrameworksBuildPhase;
			buildActionMask = 2147483647;
			files = (
				695BD7EF143880A90034112B /* Foundation.framework in Frameworks */,
			);
			runOnlyForDeploymentPostprocessing = 0;
		};
/* End PBXFrameworksBuildPhase section */

/* Begin PBXGroup section */
		695BD7DF143880A90034112B = {
			isa = PBXGroup;
			children = (
				695BD7FC143880F80034112B /* RealArray.h */,
				695BD7FD143880F80034112B /* RealArray.m */,
				695BD7FE143880F80034112B /* RealNumber.h */,
				695BD7FF143880F80034112B /* RealString.h */,
				695BD800143880F80034112B /* RealString.m */,
				695BD801143880F80034112B /* TestProtocol.h */,
				695BD802143880F80034112B /* TestProtocol.m */,
				695BD7F0143880A90034112B /* protocol */,
				695BD7ED143880A90034112B /* Frameworks */,
				695BD7EB143880A90034112B /* Products */,
			);
			sourceTree = "<group>";
		};
		695BD7EB143880A90034112B /* Products */ = {
			isa = PBXGroup;
			children = (
				695BD7EA143880A90034112B /* protocol */,
			);
			name = Products;
			sourceTree = "<group>";
		};
		695BD7ED143880A90034112B /* Frameworks */ = {
			isa = PBXGroup;
			children = (
				695BD7EE143880A90034112B /* Foundation.framework */,
			);
			name = Frameworks;
			sourceTree = "<group>";
		};
		695BD7F0143880A90034112B /* protocol */ = {
			isa = PBXGroup;
			children = (
				695BD7F1143880A90034112B /* main.m */,
				695BD7F5143880A90034112B /* protocol.1 */,
				695BD7F3143880A90034112B /* Supporting Files */,
			);
			path = protocol;
			sourceTree = "<group>";
		};
		695BD7F3143880A90034112B /* Supporting Files */ = {
			isa = PBXGroup;
			children = (
				695BD7F4143880A90034112B /* protocol-Prefix.pch */,
			);
			name = "Supporting Files";
			sourceTree = "<group>";
		};
/* End PBXGroup section */

/* Begin PBXNativeTarget section */
		695BD7E9143880A90034112B /* protocol */ = {
			isa = PBXNativeTarget;
			buildConfigurationList = 695BD7F9143880A90034112B /* Build configuration list for PBXNativeTarget "protocol" */;
			buildPhases = (
				695BD7E6143880A90034112B /* Sources */,
				695BD7E7143880A90034112B /* Frameworks */,
				695BD7E8143880A90034112B /* CopyFiles */,
			);
			buildRules = (
			);
			dependencies = (
			);
			name = protocol;
			productName = protocol;
			productReference = 695BD7EA143880A90034112B /* protocol */;
			productType = "com.apple.product-type.tool";
		};
/* End PBXNativeTarget section */

/* Begin PBXProject section */
		695BD7E1143880A90034112B /* Project object */ = {
			isa = PBXProject;
			attributes = {
				ORGANIZATIONNAME = Private;
			};
			buildConfigurationList = 695BD7E4143880A90034112B /* Build configuration list for PBXProject "protocol" */;
			compatibilityVersion = "Xcode 3.2";
			developmentRegion = English;
			hasScannedForEncodings = 0;
			knownRegions = (
				en,
			);
			mainGroup = 695BD7DF143880A90034112B;
			productRefGroup = 695BD7EB143880A90034112B /* Products */;
			projectDirPath = "";
			projectRoot = "";
			targets = (
				695BD7E9143880A90034112B /* protocol */,
			);
		};
/* End PBXProject section */

/* Begin PBXSourcesBuildPhase section */
		695BD7E6143880A90034112B /* Sources */ = {
			isa = PBXSourcesBuildPhase;
			buildActionMask = 2147483647;
			files = (
				695BD7F2143880A90034112B /* main.m in Sources */,
				695BD803143880F80034112B /* RealArray.m in Sources */,
				695BD804143880F80034112B /* RealString.m in Sources */,
				695BD805143880F80034112B /* TestProtocol.m in Sources */,
			);
			runOnlyForDeploymentPostprocessing = 0;
		};
/* End PBXSourcesBuildPhase section */

/* Begin XCBuildConfiguration section */
		695BD7F7143880A90034112B /* Debug */ = {
			isa = XCBuildConfiguration;
			buildSettings = {
				ALWAYS_SEARCH_USER_PATHS = NO;
				ARCHS = "$(ARCHS_STANDARD_64_BIT)";
				COPY_PHASE_STRIP = NO;
				GCC_C_LANGUAGE_STANDARD = gnu99;
				GCC_DYNAMIC_NO_PIC = NO;
				GCC_ENABLE_OBJC_EXCEPTIONS = YES;
				GCC_OPTIMIZATION_LEVEL = 0;
				GCC_PREPROCESSOR_DEFINITIONS = (
					"DEBUG=1",
					"$(inherited)",
				);
				GCC_SYMBOLS_PRIVATE_EXTERN = NO;
				GCC_VERSION = com.apple.compilers.llvm.clang.1_0;
				GCC_WARN_64_TO_32_BIT_CONVERSION = YES;
				GCC_WARN_ABOUT_MISSING_PROTOTYPES = YES;
				GCC_WARN_ABOUT_RETURN_TYPE = YES;
				GCC_WARN_UNUSED_VARIABLE = YES;
				MACOSX_DEPLOYMENT_TARGET = 10.7;
				ONLY_ACTIVE_ARCH = YES;
				SDKROOT = macosx;
			};
			name = Debug;
		};
		695BD7F8143880A90034112B /* Release */ = {
			isa = XCBuildConfiguration;
			buildSettings = {
				ALWAYS_SEARCH_USER_PATHS = NO;
				ARCHS = "$(ARCHS_STANDARD_64_BIT)";
				COPY_PHASE_STRIP = YES;
				DEBUG_INFORMATION_FORMAT = "dwarf-with-dsym";
				GCC_C_LANGUAGE_STANDARD = gnu99;
				GCC_ENABLE_OBJC_EXCEPTIONS = YES;
				GCC_VERSION = com.apple.compilers.llvm.clang.1_0;
				GCC_WARN_64_TO_32_BIT_CONVERSION = YES;
				GCC_WARN_ABOUT_MISSING_PROTOTYPES = YES;
				GCC_WARN_ABOUT_RETURN_TYPE = YES;
				GCC_WARN_UNUSED_VARIABLE = YES;
				MACOSX_DEPLOYMENT_TARGET = 10.7;
				SDKROOT = macosx;
			};
			name = Release;
		};
		695BD7FA143880A90034112B /* Debug */ = {
			isa = XCBuildConfiguration;
			buildSettings = {
				GCC_PRECOMPILE_PREFIX_HEADER = YES;
				GCC_PREFIX_HEADER = "protocol/protocol-Prefix.pch";
				PRODUCT_NAME = "$(TARGET_NAME)";
			};
			name = Debug;
		};
		695BD7FB143880A90034112B /* Release */ = {
			isa = XCBuildConfiguration;
			buildSettings = {
				GCC_PRECOMPILE_PREFIX_HEADER = YES;
				GCC_PREFIX_HEADER = "protocol/protocol-Prefix.pch";
				PRODUCT_NAME = "$(TARGET_NAME)";
			};
			name = Release;
		};
/* End XCBuildConfiguration section */

/* Begin XCConfigurationList section */
		695BD7E4143880A90034112B /* Build configuration list for PBXProject "protocol" */ = {
			isa = XCConfigurationList;
			buildConfigurations = (
				695BD7F7143880A90034112B /* Debug */,
				695BD7F8143880A90034112B /* Release */,
			);
			defaultConfigurationIsVisible = 0;
			defaultConfigurationName = Release;
		};
		695BD7F9143880A90034112B /* Build configuration list for PBXNativeTarget "protocol" */ = {
			isa = XCConfigurationList;
			buildConfigurations = (
				695BD7FA143880A90034112B /* Debug */,
				695BD7FB143880A90034112B /* Release */,
			);
			defaultConfigurationIsVisible = 0;
		};
/* End XCConfigurationList section */
	};
	rootObject = 695BD7E1143880A90034112B /* Project object */;
}
